
Microsoft Visual Studio Solution File, Format Version 12.00
# Visual Studio Version 16
VisualStudioVersion = 16.0.30717.126
MinimumVisualStudioVersion = 10.0.40219.1
Project("{FAE04EC0-301F-11D3-BF4B-00C04F79EFBC}") = "Evolve", "Evolve\Evolve.csproj", "{4A3AD5F6-8D22-40F7-9FB2-D073953D822C}"
EndProject
Global
	GlobalSection(SolutionConfigurationPlatforms) = preSolution
		Debug|Any CPU = Debug|Any CPU
		Release|Any CPU = Release|Any CPU
	EndGlobalSection
	GlobalSection(ProjectConfigurationPlatforms) = postSolution
		{4A3AD5F6-8D22-40F7-9FB2-D073953D822C}.Debug|Any CPU.ActiveCfg = Debug|Any CPU
		{4A3AD5F6-8D22-40F7-9FB2-D073953D822C}.Debug|Any CPU.Build.0 = Debug|Any CPU
		{4A3AD5F6-8D22-40F7-9FB2-D073953D822C}.Release|Any CPU.ActiveCfg = Release|Any CPU
		{4A3AD5F6-8D22-40F7-9FB2-D073953D822C}.Release|Any CPU.Build.0 = Release|Any CPU
	EndGlobalSection
	GlobalSection(SolutionProperties) = preSolution
		HideSolutionNode = FALSE
	EndGlobalSection
	GlobalSection(ExtensibilityGlobals) = postSolution
		SolutionGuid = {3DFF929C-4A11-4DDC-8088-D5BAE6C4B734}
	EndGlobalSection
EndGlobal
